
Microsoft Visual Studio Solution File, Format Version 11.00
# Visual Studio 2010
Project("{8BC9CEB8-8B4A-11D0-8D11-00A0C91BC942}") = "reference", "reference\reference.vcxproj", "{F54427A0-804C-42D9-9FE9-FB591BB282D1}"
EndProject
Project("{8BC9CEB8-8B4A-11D0-8D11-00A0C91BC942}") = "stub_impl", "stub_impl\stub_impl.vcxproj", "{35DEF6CA-D784-413B-9BC8-600B8916C30C}"
EndProject
Project("{8BC9CEB8-8B4A-11D0-8D11-00A0C91BC942}") = "snakes", "snakes\snakes.vcxproj", "{4AEA1587-27D9-41D9-9236-1043C82FF7D6}"
EndProject
Project("{8BC9CEB8-8B4A-11D0-8D11-00A0C91BC942}") = "point_search", "point_search\point_search.vcxproj", "{999DA5FF-106B-437E-BCE1-4901528FCB52}"
	ProjectSection(ProjectDependencies) = postProject
		{F54427A0-804C-42D9-9FE9-FB591BB282D1} = {F54427A0-804C-42D9-9FE9-FB591BB282D1}
		{35DEF6CA-D784-413B-9BC8-600B8916C30C} = {35DEF6CA-D784-413B-9BC8-600B8916C30C}
	EndProjectSection
EndProject
Project("{8BC9CEB8-8B4A-11D0-8D11-00A0C91BC942}") = "monkey", "monkey\monkey.vcxproj", "{17DC2E6A-3818-444C-877A-9E372D209D5C}"
EndProject
Global
	GlobalSection(SolutionConfigurationPlatforms) = preSolution
		Debug|Win32 = Debug|Win32
		Debug|x64 = Debug|x64
		Release|Win32 = Release|Win32
		Release|x64 = Release|x64
	EndGlobalSection
	GlobalSection(ProjectConfigurationPlatforms) = postSolution
		{F54427A0-804C-42D9-9FE9-FB591BB282D1}.Debug|Win32.ActiveCfg = Debug|Win32
		{F54427A0-804C-42D9-9FE9-FB591BB282D1}.Debug|Win32.Build.0 = Debug|Win32
		{F54427A0-804C-42D9-9FE9-FB591BB282D1}.Debug|x64.ActiveCfg = Debug|x64
		{F54427A0-804C-42D9-9FE9-FB591BB282D1}.Debug|x64.Build.0 = Debug|x64
		{F54427A0-804C-42D9-9FE9-FB591BB282D1}.Release|Win32.ActiveCfg = Release|Win32
		{F54427A0-804C-42D9-9FE9-FB591BB282D1}.Release|Win32.Build.0 = Release|Win32
		{F54427A0-804C-42D9-9FE9-FB591BB282D1}.Release|x64.ActiveCfg = Release|x64
		{F54427A0-804C-42D9-9FE9-FB591BB282D1}.Release|x64.Build.0 = Release|x64
		{35DEF6CA-D784-413B-9BC8-600B8916C30C}.Debug|Win32.ActiveCfg = Debug|Win32
		{35DEF6CA-D784-413B-9BC8-600B8916C30C}.Debug|Win32.Build.0 = Debug|Win32
		{35DEF6CA-D784-413B-9BC8-600B8916C30C}.Debug|x64.ActiveCfg = Debug|x64
		{35DEF6CA-D784-413B-9BC8-600B8916C30C}.Debug|x64.Build.0 = Debug|x64
		{35DEF6CA-D784-413B-9BC8-600B8916C30C}.Release|Win32.ActiveCfg = Release|Win32
		{35DEF6CA-D784-413B-9BC8-600B8916C30C}.Release|Win32.Build.0 = Release|Win32
		{35DEF6CA-D784-413B-9BC8-600B8916C30C}.Release|x64.ActiveCfg = Release|x64
		{35DEF6CA-D784-413B-9BC8-600B8916C30C}.Release|x64.Build.0 = Release|x64
		{4AEA1587-27D9-41D9-9236-1043C82FF7D6}.Debug|Win32.ActiveCfg = Debug|Win32
		{4AEA1587-27D9-41D9-9236-1043C82FF7D6}.Debug|Win32.Build.0 = Debug|Win32
		{4AEA1587-27D9-41D9-9236-1043C82FF7D6}.Debug|x64.ActiveCfg = Debug|Win32
		{4AEA1587-27D9-41D9-9236-1043C82FF7D6}.Release|Win32.ActiveCfg = Release|Win32
		{4AEA1587-27D9-41D9-9236-1043C82FF7D6}.Release|Win32.Build.0 = Release|Win32
		{4AEA1587-27D9-41D9-9236-1043C82FF7D6}.Release|x64.ActiveCfg = Release|x64
		{4AEA1587-27D9-41D9-9236-1043C82FF7D6}.Release|x64.Build.0 = Release|x64
		{999DA5FF-106B-437E-BCE1-4901528FCB52}.Debug|Win32.ActiveCfg = Debug|Win32
		{999DA5FF-106B-437E-BCE1-4901528FCB52}.Debug|Win32.Build.0 = Debug|Win32
		{999DA5FF-106B-437E-BCE1-4901528FCB52}.Debug|x64.ActiveCfg = Debug|Win32
		{999DA5FF-106B-437E-BCE1-4901528FCB52}.Release|Win32.ActiveCfg = Release|Win32
		{999DA5FF-106B-437E-BCE1-4901528FCB52}.Release|Win32.Build.0 = Release|Win32
		{999DA5FF-106B-437E-BCE1-4901528FCB52}.Release|x64.ActiveCfg = Release|x64
		{999DA5FF-106B-437E-BCE1-4901528FCB52}.Release|x64.Build.0 = Release|x64
		{17DC2E6A-3818-444C-877A-9E372D209D5C}.Debug|Win32.ActiveCfg = Debug|Win32
		{17DC2E6A-3818-444C-877A-9E372D209D5C}.Debug|Win32.Build.0 = Debug|Win32
		{17DC2E6A-3818-444C-877A-9E372D209D5C}.Debug|x64.ActiveCfg = Debug|Win32
		{17DC2E6A-3818-444C-877A-9E372D209D5C}.Release|Win32.ActiveCfg = Release|Win32
		{17DC2E6A-3818-444C-877A-9E372D209D5C}.Release|Win32.Build.0 = Release|Win32
		{17DC2E6A-3818-444C-877A-9E372D209D5C}.Release|x64.ActiveCfg = Release|x64
		{17DC2E6A-3818-444C-877A-9E372D209D5C}.Release|x64.Build.0 = Release|x64
	EndGlobalSection
	GlobalSection(SolutionProperties) = preSolution
		HideSolutionNode = FALSE
	EndGlobalSection
EndGlobal
